// !$*UTF8*$!
{
	archiveVersion = 1;
	classes = {
	};
	objectVersion = 50;
	objects = {

/* Begin PBXBuildFile section */
		9B027D42215C66F60062469E /* stack_queue_2L_1.cpp in Sources */ = {isa = PBXBuildFile; fileRef = 9B027D40215C66F60062469E /* stack_queue_2L_1.cpp */; };
		9B03CC38215DC54A00687B41 /* stack_queue_2L_2.cpp in Sources */ = {isa = PBXBuildFile; fileRef = 9B03CC37215DC54A00687B41 /* stack_queue_2L_2.cpp */; };
		9B03CC3A215DCA7F00687B41 /* stack_queue_2L_3.cpp in Sources */ = {isa = PBXBuildFile; fileRef = 9B03CC39215DCA7F00687B41 /* stack_queue_2L_3.cpp */; };
		9B06743A24C5A1F40058078A /* 2019_kakao_winter_intership.swift in Sources */ = {isa = PBXBuildFile; fileRef = 9B06743924C5A1F40058078A /* 2019_kakao_winter_intership.swift */; };
		9B1CC222224359EF00DA5306 /* PN_2493 tower.cpp in Sources */ = {isa = PBXBuildFile; fileRef = 9B1CC221224359EF00DA5306 /* PN_2493 tower.cpp */; };
		9B242C7C216A3A5600B9126F /* stack_queue_2L_5.cpp in Sources */ = {isa = PBXBuildFile; fileRef = 9B242C7B216A3A5600B9126F /* stack_queue_2L_5.cpp */; };
		9B2606042385445700A20CF3 /* PN_1935.cpp in Sources */ = {isa = PBXBuildFile; fileRef = 9B2606032385445700A20CF3 /* PN_1935.cpp */; };
		9B2B64C924C6CCDC006BD261 /* mock_exam.swift in Sources */ = {isa = PBXBuildFile; fileRef = 9B2B64C824C6CCDC006BD261 /* mock_exam.swift */; };
		9B2D75D8223A02C9006AFC41 /* PN_9012 ().cpp in Sources */ = {isa = PBXBuildFile; fileRef = 9B2D75D7223A02C9006AFC41 /* PN_9012 ().cpp */; };
		9B2DF7652207477F00E9DF6B /* PN_9095.cpp in Sources */ = {isa = PBXBuildFile; fileRef = 9B2DF7642207477F00E9DF6B /* PN_9095.cpp */; };
		9B30D5ED24C04EAA0030F14F /* bridge_truck.swift in Sources */ = {isa = PBXBuildFile; fileRef = 9B30D5EC24C04EAA0030F14F /* bridge_truck.swift */; };
		9B3EEE6F2208547E00E1CB93 /* PN_2579.cpp in Sources */ = {isa = PBXBuildFile; fileRef = 9B3EEE6E2208547E00E1CB93 /* PN_2579.cpp */; };
		9B456E61227AC69400A54E30 /* PN_6549_biggestRectangle.cpp in Sources */ = {isa = PBXBuildFile; fileRef = 9B456E60227AC69400A54E30 /* PN_6549_biggestRectangle.cpp */; };
		9B4A7E0E223E6815006158F5 /* PN_1874 Stack Array.cpp in Sources */ = {isa = PBXBuildFile; fileRef = 9B4A7E0D223E6815006158F5 /* PN_1874 Stack Array.cpp */; };
		9B54562B24C9A0C600432338 /* find_decimal.swift in Sources */ = {isa = PBXBuildFile; fileRef = 9B54562A24C9A0C600432338 /* find_decimal.swift */; };
		9B774834224099E6005B550A /* PN_10799 IronStick.cpp in Sources */ = {isa = PBXBuildFile; fileRef = 9B774833224099E6005B550A /* PN_10799 IronStick.cpp */; };
		9B7748362240A3EF005B550A /* PN_2504 valueIn().cpp in Sources */ = {isa = PBXBuildFile; fileRef = 9B7748352240A3EF005B550A /* PN_2504 valueIn().cpp */; };
		9B85B4C1228D372000F7EAEE /* PN_9935 string explosion.cpp in Sources */ = {isa = PBXBuildFile; fileRef = 9B85B4C0228D372000F7EAEE /* PN_9935 string explosion.cpp */; };
		9B86C4D22372C6FA00B00693 /* PN_1918.cpp in Sources */ = {isa = PBXBuildFile; fileRef = 9B86C4D12372C6FA00B00693 /* PN_1918.cpp */; };
		9B9FE1DD2206FEAE0017D425 /* 달팽이.cpp in Sources */ = {isa = PBXBuildFile; fileRef = 9B9FE1DC2206FEAE0017D425 /* 달팽이.cpp */; };
		9BAB0FF124C2DE1A00ECB56D /* h-index.swift in Sources */ = {isa = PBXBuildFile; fileRef = 9BAB0FF024C2DE1A00ECB56D /* h-index.swift */; };
		9BAC1C032451ABAE006E24CB /* numberOfK.swift in Sources */ = {isa = PBXBuildFile; fileRef = 9BAC1C022451ABAE006E24CB /* numberOfK.swift */; };
		9BAC1C052451BD15006E24CB /* biggestNumber.swift in Sources */ = {isa = PBXBuildFile; fileRef = 9BAC1C042451BD15006E24CB /* biggestNumber.swift */; };
		9BAC1C072451E342006E24CB /* h-index.swift in Sources */ = {isa = PBXBuildFile; fileRef = 9BAC1C062451E342006E24CB /* h-index.swift */; };
		9BCC065924F5407C00D6A236 /* 2020_kakao.swift in Sources */ = {isa = PBXBuildFile; fileRef = 9BCC065824F5407C00D6A236 /* 2020_kakao.swift */; };
		9BDD524324C19D5500C0870B /* number_of_K.swift in Sources */ = {isa = PBXBuildFile; fileRef = 9BDD524224C19D5500C0870B /* number_of_K.swift */; };
		9BE0146E2237CC4C000CFE01 /* PN_10828 Stack.cpp in Sources */ = {isa = PBXBuildFile; fileRef = 9BE0146D2237CC4C000CFE01 /* PN_10828 Stack.cpp */; };
		9BE15852216AE745006A8CE8 /* stack_queue_2L_6.cpp in Sources */ = {isa = PBXBuildFile; fileRef = 9BE15851216AE745006A8CE8 /* stack_queue_2L_6.cpp */; };
		9BE5054423C712CC005D6B69 /* PN_10773.cpp in Sources */ = {isa = PBXBuildFile; fileRef = 9BE5054323C712CC005D6B69 /* PN_10773.cpp */; };
		9BE5054623C7186B005D6B69 /* PN_4949.cpp in Sources */ = {isa = PBXBuildFile; fileRef = 9BE5054523C7186B005D6B69 /* PN_4949.cpp */; };
		9BFAA7CD2207081C0000255B /* problem_1L_7.cpp in Sources */ = {isa = PBXBuildFile; fileRef = 9BFAA7C22207081C0000255B /* problem_1L_7.cpp */; };
		9BFAA7CE2207081C0000255B /* problem_1L_5.cpp in Sources */ = {isa = PBXBuildFile; fileRef = 9BFAA7C32207081C0000255B /* problem_1L_5.cpp */; };
		9BFAA7CF2207081C0000255B /* problem_1L_4.cpp in Sources */ = {isa = PBXBuildFile; fileRef = 9BFAA7C42207081C0000255B /* problem_1L_4.cpp */; };
		9BFAA7D02207081C0000255B /* problem_1L_6.cpp in Sources */ = {isa = PBXBuildFile; fileRef = 9BFAA7C52207081C0000255B /* problem_1L_6.cpp */; };
		9BFAA7D12207081C0000255B /* problem_1L_10.cpp in Sources */ = {isa = PBXBuildFile; fileRef = 9BFAA7C62207081C0000255B /* problem_1L_10.cpp */; };
		9BFAA7D22207081C0000255B /* problem_1L_2.cpp in Sources */ = {isa = PBXBuildFile; fileRef = 9BFAA7C72207081C0000255B /* problem_1L_2.cpp */; };
		9BFAA7D32207081C0000255B /* problem_1L_3.cpp in Sources */ = {isa = PBXBuildFile; fileRef = 9BFAA7C82207081C0000255B /* problem_1L_3.cpp */; };
		9BFAA7D42207081C0000255B /* problem_1L_11.cpp in Sources */ = {isa = PBXBuildFile; fileRef = 9BFAA7C92207081C0000255B /* problem_1L_11.cpp */; };
		9BFAA7D52207081C0000255B /* problem_1L_1.cpp in Sources */ = {isa = PBXBuildFile; fileRef = 9BFAA7CA2207081C0000255B /* problem_1L_1.cpp */; };
		9BFAA7D62207081C0000255B /* problem_1L_8.cpp in Sources */ = {isa = PBXBuildFile; fileRef = 9BFAA7CB2207081C0000255B /* problem_1L_8.cpp */; };
		9BFAA7D72207081C0000255B /* problem_1L_9.cpp in Sources */ = {isa = PBXBuildFile; fileRef = 9BFAA7CC2207081C0000255B /* problem_1L_9.cpp */; };
		9BFAA7DA22070CD20000255B /* PN_1463.cpp in Sources */ = {isa = PBXBuildFile; fileRef = 9BFAA7D822070CD20000255B /* PN_1463.cpp */; };
		9BFF7B9B23810CCE00420CCE /* PN_3986.cpp in Sources */ = {isa = PBXBuildFile; fileRef = 9BFF7B9923810CCE00420CCE /* PN_3986.cpp */; };
		9BFF7B9D238111D700420CCE /* PN_1725.cpp in Sources */ = {isa = PBXBuildFile; fileRef = 9BFF7B9C238111D700420CCE /* PN_1725.cpp */; };
		9BFFA4CD2165E37400216B9D /* stack_queue_2L_4.cpp in Sources */ = {isa = PBXBuildFile; fileRef = 9BFFA4CC2165E37400216B9D /* stack_queue_2L_4.cpp */; };
/* End PBXBuildFile section */

/* Begin PBXCopyFilesBuildPhase section */
		9B38FD6321509308005422ED /* CopyFiles */ = {
			isa = PBXCopyFilesBuildPhase;
			buildActionMask = 2147483647;
			dstPath = /usr/share/man/man1/;
			dstSubfolderSpec = 0;
			files = (
			);
			runOnlyForDeploymentPostprocessing = 1;
		};
/* End PBXCopyFilesBuildPhase section */

/* Begin PBXFileReference section */
		9B027D40215C66F60062469E /* stack_queue_2L_1.cpp */ = {isa = PBXFileReference; lastKnownFileType = sourcecode.cpp.cpp; path = stack_queue_2L_1.cpp; sourceTree = "<group>"; };
		9B03CC37215DC54A00687B41 /* stack_queue_2L_2.cpp */ = {isa = PBXFileReference; lastKnownFileType = sourcecode.cpp.cpp; path = stack_queue_2L_2.cpp; sourceTree = "<group>"; };
		9B03CC39215DCA7F00687B41 /* stack_queue_2L_3.cpp */ = {isa = PBXFileReference; lastKnownFileType = sourcecode.cpp.cpp; path = stack_queue_2L_3.cpp; sourceTree = "<group>"; };
		9B06743924C5A1F40058078A /* 2019_kakao_winter_intership.swift */ = {isa = PBXFileReference; lastKnownFileType = sourcecode.swift; path = 2019_kakao_winter_intership.swift; sourceTree = "<group>"; };
		9B1CC221224359EF00DA5306 /* PN_2493 tower.cpp */ = {isa = PBXFileReference; lastKnownFileType = sourcecode.cpp.cpp; path = "PN_2493 tower.cpp"; sourceTree = "<group>"; };
		9B242C7B216A3A5600B9126F /* stack_queue_2L_5.cpp */ = {isa = PBXFileReference; lastKnownFileType = sourcecode.cpp.cpp; path = stack_queue_2L_5.cpp; sourceTree = "<group>"; };
		9B2606032385445700A20CF3 /* PN_1935.cpp */ = {isa = PBXFileReference; lastKnownFileType = sourcecode.cpp.cpp; path = PN_1935.cpp; sourceTree = "<group>"; };
		9B2B64C824C6CCDC006BD261 /* mock_exam.swift */ = {isa = PBXFileReference; lastKnownFileType = sourcecode.swift; path = mock_exam.swift; sourceTree = "<group>"; };
		9B2D75D7223A02C9006AFC41 /* PN_9012 ().cpp */ = {isa = PBXFileReference; lastKnownFileType = sourcecode.cpp.cpp; path = "PN_9012 ().cpp"; sourceTree = "<group>"; };
		9B2DF7642207477F00E9DF6B /* PN_9095.cpp */ = {isa = PBXFileReference; lastKnownFileType = sourcecode.cpp.cpp; path = PN_9095.cpp; sourceTree = "<group>"; };
		9B30D5EC24C04EAA0030F14F /* bridge_truck.swift */ = {isa = PBXFileReference; lastKnownFileType = sourcecode.swift; path = bridge_truck.swift; sourceTree = "<group>"; };
		9B38FD6521509308005422ED /* algorithm */ = {isa = PBXFileReference; explicitFileType = "compiled.mach-o.executable"; includeInIndex = 0; path = algorithm; sourceTree = BUILT_PRODUCTS_DIR; };
		9B3EEE6E2208547E00E1CB93 /* PN_2579.cpp */ = {isa = PBXFileReference; lastKnownFileType = sourcecode.cpp.cpp; path = PN_2579.cpp; sourceTree = "<group>"; };
		9B456E60227AC69400A54E30 /* PN_6549_biggestRectangle.cpp */ = {isa = PBXFileReference; lastKnownFileType = sourcecode.cpp.cpp; path = PN_6549_biggestRectangle.cpp; sourceTree = "<group>"; };
		9B4A7E0D223E6815006158F5 /* PN_1874 Stack Array.cpp */ = {isa = PBXFileReference; lastKnownFileType = sourcecode.cpp.cpp; path = "PN_1874 Stack Array.cpp"; sourceTree = "<group>"; };
		9B54562A24C9A0C600432338 /* find_decimal.swift */ = {isa = PBXFileReference; lastKnownFileType = sourcecode.swift; path = find_decimal.swift; sourceTree = "<group>"; };
		9B774833224099E6005B550A /* PN_10799 IronStick.cpp */ = {isa = PBXFileReference; lastKnownFileType = sourcecode.cpp.cpp; path = "PN_10799 IronStick.cpp"; sourceTree = "<group>"; };
		9B7748352240A3EF005B550A /* PN_2504 valueIn().cpp */ = {isa = PBXFileReference; lastKnownFileType = sourcecode.cpp.cpp; path = "PN_2504 valueIn().cpp"; sourceTree = "<group>"; };
		9B85B4C0228D372000F7EAEE /* PN_9935 string explosion.cpp */ = {isa = PBXFileReference; lastKnownFileType = sourcecode.cpp.cpp; path = "PN_9935 string explosion.cpp"; sourceTree = "<group>"; };
		9B86C4D12372C6FA00B00693 /* PN_1918.cpp */ = {isa = PBXFileReference; lastKnownFileType = sourcecode.cpp.cpp; path = PN_1918.cpp; sourceTree = "<group>"; };
		9B9FE1DC2206FEAE0017D425 /* 달팽이.cpp */ = {isa = PBXFileReference; fileEncoding = 4; lastKnownFileType = sourcecode.cpp.cpp; path = "달팽이.cpp"; sourceTree = "<group>"; };
		9BAB0FF024C2DE1A00ECB56D /* h-index.swift */ = {isa = PBXFileReference; lastKnownFileType = sourcecode.swift; path = "h-index.swift"; sourceTree = "<group>"; };
		9BAC1C022451ABAE006E24CB /* numberOfK.swift */ = {isa = PBXFileReference; lastKnownFileType = sourcecode.swift; path = numberOfK.swift; sourceTree = "<group>"; };
		9BAC1C042451BD15006E24CB /* biggestNumber.swift */ = {isa = PBXFileReference; lastKnownFileType = sourcecode.swift; path = biggestNumber.swift; sourceTree = "<group>"; };
		9BAC1C062451E342006E24CB /* h-index.swift */ = {isa = PBXFileReference; lastKnownFileType = sourcecode.swift; path = "h-index.swift"; sourceTree = "<group>"; };
		9BCC065824F5407C00D6A236 /* 2020_kakao.swift */ = {isa = PBXFileReference; lastKnownFileType = sourcecode.swift; path = 2020_kakao.swift; sourceTree = "<group>"; };
		9BDD524224C19D5500C0870B /* number_of_K.swift */ = {isa = PBXFileReference; lastKnownFileType = sourcecode.swift; path = number_of_K.swift; sourceTree = "<group>"; };
		9BE0146D2237CC4C000CFE01 /* PN_10828 Stack.cpp */ = {isa = PBXFileReference; lastKnownFileType = sourcecode.cpp.cpp; path = "PN_10828 Stack.cpp"; sourceTree = "<group>"; };
		9BE15851216AE745006A8CE8 /* stack_queue_2L_6.cpp */ = {isa = PBXFileReference; lastKnownFileType = sourcecode.cpp.cpp; path = stack_queue_2L_6.cpp; sourceTree = "<group>"; };
		9BE5054323C712CC005D6B69 /* PN_10773.cpp */ = {isa = PBXFileReference; lastKnownFileType = sourcecode.cpp.cpp; path = PN_10773.cpp; sourceTree = "<group>"; };
		9BE5054523C7186B005D6B69 /* PN_4949.cpp */ = {isa = PBXFileReference; lastKnownFileType = sourcecode.cpp.cpp; path = PN_4949.cpp; sourceTree = "<group>"; };
		9BFAA7C22207081C0000255B /* problem_1L_7.cpp */ = {isa = PBXFileReference; fileEncoding = 4; lastKnownFileType = sourcecode.cpp.cpp; path = problem_1L_7.cpp; sourceTree = "<group>"; };
		9BFAA7C32207081C0000255B /* problem_1L_5.cpp */ = {isa = PBXFileReference; fileEncoding = 4; lastKnownFileType = sourcecode.cpp.cpp; path = problem_1L_5.cpp; sourceTree = "<group>"; };
		9BFAA7C42207081C0000255B /* problem_1L_4.cpp */ = {isa = PBXFileReference; fileEncoding = 4; lastKnownFileType = sourcecode.cpp.cpp; path = problem_1L_4.cpp; sourceTree = "<group>"; };
		9BFAA7C52207081C0000255B /* problem_1L_6.cpp */ = {isa = PBXFileReference; fileEncoding = 4; lastKnownFileType = sourcecode.cpp.cpp; path = problem_1L_6.cpp; sourceTree = "<group>"; };
		9BFAA7C62207081C0000255B /* problem_1L_10.cpp */ = {isa = PBXFileReference; fileEncoding = 4; lastKnownFileType = sourcecode.cpp.cpp; path = problem_1L_10.cpp; sourceTree = "<group>"; };
		9BFAA7C72207081C0000255B /* problem_1L_2.cpp */ = {isa = PBXFileReference; fileEncoding = 4; lastKnownFileType = sourcecode.cpp.cpp; path = problem_1L_2.cpp; sourceTree = "<group>"; };
		9BFAA7C82207081C0000255B /* problem_1L_3.cpp */ = {isa = PBXFileReference; fileEncoding = 4; lastKnownFileType = sourcecode.cpp.cpp; path = problem_1L_3.cpp; sourceTree = "<group>"; };
		9BFAA7C92207081C0000255B /* problem_1L_11.cpp */ = {isa = PBXFileReference; fileEncoding = 4; lastKnownFileType = sourcecode.cpp.cpp; path = problem_1L_11.cpp; sourceTree = "<group>"; };
		9BFAA7CA2207081C0000255B /* problem_1L_1.cpp */ = {isa = PBXFileReference; fileEncoding = 4; lastKnownFileType = sourcecode.cpp.cpp; path = problem_1L_1.cpp; sourceTree = "<group>"; };
		9BFAA7CB2207081C0000255B /* problem_1L_8.cpp */ = {isa = PBXFileReference; fileEncoding = 4; lastKnownFileType = sourcecode.cpp.cpp; path = problem_1L_8.cpp; sourceTree = "<group>"; };
		9BFAA7CC2207081C0000255B /* problem_1L_9.cpp */ = {isa = PBXFileReference; fileEncoding = 4; lastKnownFileType = sourcecode.cpp.cpp; path = problem_1L_9.cpp; sourceTree = "<group>"; };
		9BFAA7D822070CD20000255B /* PN_1463.cpp */ = {isa = PBXFileReference; lastKnownFileType = sourcecode.cpp.cpp; path = PN_1463.cpp; sourceTree = "<group>"; };
		9BFF7B9923810CCE00420CCE /* PN_3986.cpp */ = {isa = PBXFileReference; lastKnownFileType = sourcecode.cpp.cpp; path = PN_3986.cpp; sourceTree = "<group>"; };
		9BFF7B9C238111D700420CCE /* PN_1725.cpp */ = {isa = PBXFileReference; lastKnownFileType = sourcecode.cpp.cpp; path = PN_1725.cpp; sourceTree = "<group>"; };
		9BFFA4CC2165E37400216B9D /* stack_queue_2L_4.cpp */ = {isa = PBXFileReference; lastKnownFileType = sourcecode.cpp.cpp; path = stack_queue_2L_4.cpp; sourceTree = "<group>"; };
/* End PBXFileReference section */

/* Begin PBXFrameworksBuildPhase section */
		9B38FD6221509308005422ED /* Frameworks */ = {
			isa = PBXFrameworksBuildPhase;
			buildActionMask = 2147483647;
			files = (
			);
			runOnlyForDeploymentPostprocessing = 0;
		};
/* End PBXFrameworksBuildPhase section */

/* Begin PBXGroup section */
		9B2B64CA24C6CD71006BD261 /* Brute-force */ = {
			isa = PBXGroup;
			children = (
				9B2B64C824C6CCDC006BD261 /* mock_exam.swift */,
				9B54562A24C9A0C600432338 /* find_decimal.swift */,
			);
			path = "Brute-force";
			sourceTree = "<group>";
		};
		9B2B64CB24C6CD99006BD261 /* Greedy */ = {
			isa = PBXGroup;
			children = (
			);
			path = Greedy;
			sourceTree = "<group>";
		};
		9B2DF766220747B700E9DF6B /* DynamicProgramming */ = {
			isa = PBXGroup;
			children = (
				9BFAA7D822070CD20000255B /* PN_1463.cpp */,
				9B2DF7642207477F00E9DF6B /* PN_9095.cpp */,
				9B3EEE6E2208547E00E1CB93 /* PN_2579.cpp */,
			);
			path = DynamicProgramming;
			sourceTree = "<group>";
		};
		9B30D5E424C04B050030F14F /* C++ */ = {
			isa = PBXGroup;
			children = (
				9B9FE1DB2206FAFE0017D425 /* Baekjoon */,
				9B9FE1DA2206FAF60017D425 /* Programmers */,
			);
			path = "C++";
			sourceTree = "<group>";
		};
		9B30D5E524C04B180030F14F /* Swift */ = {
			isa = PBXGroup;
			children = (
				9B30D5E624C04B430030F14F /* Baekjoon */,
				9B30D5E724C04B520030F14F /* Programmers */,
			);
			path = Swift;
			sourceTree = "<group>";
		};
		9B30D5E624C04B430030F14F /* Baekjoon */ = {
			isa = PBXGroup;
			children = (
			);
			path = Baekjoon;
			sourceTree = "<group>";
		};
		9B30D5E724C04B520030F14F /* Programmers */ = {
			isa = PBXGroup;
			children = (
				9B2B64CB24C6CD99006BD261 /* Greedy */,
				9B2B64CA24C6CD71006BD261 /* Brute-force */,
				9BDD524124C19D4100C0870B /* Sort */,
				9B30D5EB24C04E9C0030F14F /* Stack */,
				9B06743924C5A1F40058078A /* 2019_kakao_winter_intership.swift */,
				9BCC065824F5407C00D6A236 /* 2020_kakao.swift */,
			);
			path = Programmers;
			sourceTree = "<group>";
		};
		9B30D5EB24C04E9C0030F14F /* Stack */ = {
			isa = PBXGroup;
			children = (
				9B30D5EC24C04EAA0030F14F /* bridge_truck.swift */,
			);
			path = Stack;
			sourceTree = "<group>";
		};
		9B38FD5C21509308005422ED = {
			isa = PBXGroup;
			children = (
				9B38FD6721509308005422ED /* algorithm */,
				9B38FD6621509308005422ED /* Products */,
			);
			sourceTree = "<group>";
		};
		9B38FD6621509308005422ED /* Products */ = {
			isa = PBXGroup;
			children = (
				9B38FD6521509308005422ED /* algorithm */,
			);
			name = Products;
			sourceTree = "<group>";
		};
		9B38FD6721509308005422ED /* algorithm */ = {
			isa = PBXGroup;
			children = (
				9B30D5E524C04B180030F14F /* Swift */,
				9B30D5E424C04B050030F14F /* C++ */,
			);
			path = algorithm;
			sourceTree = "<group>";
		};
		9B9FE1DA2206FAF60017D425 /* Programmers */ = {
			isa = PBXGroup;
			children = (
				9BAC1BF924519FAB006E24CB /* Array */,
				9B9FE1F12207014E0017D425 /* Level 2 */,
				9B9FE1F0220701470017D425 /* Level 1 */,
				9B9FE1DC2206FEAE0017D425 /* 달팽이.cpp */,
			);
			path = Programmers;
			sourceTree = "<group>";
		};
		9B9FE1DB2206FAFE0017D425 /* Baekjoon */ = {
			isa = PBXGroup;
			children = (
				9BE0146C2237CC26000CFE01 /* Stack */,
				9B2DF766220747B700E9DF6B /* DynamicProgramming */,
			);
			path = Baekjoon;
			sourceTree = "<group>";
		};
		9B9FE1F0220701470017D425 /* Level 1 */ = {
			isa = PBXGroup;
			children = (
				9BFAA7CA2207081C0000255B /* problem_1L_1.cpp */,
				9BFAA7C72207081C0000255B /* problem_1L_2.cpp */,
				9BFAA7C82207081C0000255B /* problem_1L_3.cpp */,
				9BFAA7C42207081C0000255B /* problem_1L_4.cpp */,
				9BFAA7C32207081C0000255B /* problem_1L_5.cpp */,
				9BFAA7C52207081C0000255B /* problem_1L_6.cpp */,
				9BFAA7C22207081C0000255B /* problem_1L_7.cpp */,
				9BFAA7CB2207081C0000255B /* problem_1L_8.cpp */,
				9BFAA7CC2207081C0000255B /* problem_1L_9.cpp */,
				9BFAA7C62207081C0000255B /* problem_1L_10.cpp */,
				9BFAA7C92207081C0000255B /* problem_1L_11.cpp */,
			);
			path = "Level 1";
			sourceTree = "<group>";
		};
		9B9FE1F12207014E0017D425 /* Level 2 */ = {
			isa = PBXGroup;
			children = (
				9B027D40215C66F60062469E /* stack_queue_2L_1.cpp */,
				9B03CC37215DC54A00687B41 /* stack_queue_2L_2.cpp */,
				9B03CC39215DCA7F00687B41 /* stack_queue_2L_3.cpp */,
				9BFFA4CC2165E37400216B9D /* stack_queue_2L_4.cpp */,
				9B242C7B216A3A5600B9126F /* stack_queue_2L_5.cpp */,
				9BE15851216AE745006A8CE8 /* stack_queue_2L_6.cpp */,
			);
			path = "Level 2";
			sourceTree = "<group>";
		};
		9BAC1BF924519FAB006E24CB /* Array */ = {
			isa = PBXGroup;
			children = (
				9BAC1C022451ABAE006E24CB /* numberOfK.swift */,
				9BAC1C042451BD15006E24CB /* biggestNumber.swift */,
				9BAC1C062451E342006E24CB /* h-index.swift */,
			);
			path = Array;
			sourceTree = "<group>";
		};
		9BDD524124C19D4100C0870B /* Sort */ = {
			isa = PBXGroup;
			children = (
				9BDD524224C19D5500C0870B /* number_of_K.swift */,
				9BAB0FF024C2DE1A00ECB56D /* h-index.swift */,
			);
			path = Sort;
			sourceTree = "<group>";
		};
		9BE0146C2237CC26000CFE01 /* Stack */ = {
			isa = PBXGroup;
			children = (
				9BE0146D2237CC4C000CFE01 /* PN_10828 Stack.cpp */,
				9B2D75D7223A02C9006AFC41 /* PN_9012 ().cpp */,
				9B4A7E0D223E6815006158F5 /* PN_1874 Stack Array.cpp */,
				9B774833224099E6005B550A /* PN_10799 IronStick.cpp */,
				9B7748352240A3EF005B550A /* PN_2504 valueIn().cpp */,
				9B1CC221224359EF00DA5306 /* PN_2493 tower.cpp */,
				9B456E60227AC69400A54E30 /* PN_6549_biggestRectangle.cpp */,
				9B85B4C0228D372000F7EAEE /* PN_9935 string explosion.cpp */,
				9B86C4D12372C6FA00B00693 /* PN_1918.cpp */,
				9BFF7B9923810CCE00420CCE /* PN_3986.cpp */,
				9BFF7B9C238111D700420CCE /* PN_1725.cpp */,
				9B2606032385445700A20CF3 /* PN_1935.cpp */,
				9BE5054323C712CC005D6B69 /* PN_10773.cpp */,
				9BE5054523C7186B005D6B69 /* PN_4949.cpp */,
			);
			path = Stack;
			sourceTree = "<group>";
		};
/* End PBXGroup section */

/* Begin PBXNativeTarget section */
		9B38FD6421509308005422ED /* algorithm */ = {
			isa = PBXNativeTarget;
			buildConfigurationList = 9B38FD6C21509308005422ED /* Build configuration list for PBXNativeTarget "algorithm" */;
			buildPhases = (
				9B38FD6121509308005422ED /* Sources */,
				9B38FD6221509308005422ED /* Frameworks */,
				9B38FD6321509308005422ED /* CopyFiles */,
			);
			buildRules = (
			);
			dependencies = (
			);
			name = algorithm;
			productName = "problem4-1";
			productReference = 9B38FD6521509308005422ED /* algorithm */;
			productType = "com.apple.product-type.tool";
		};
/* End PBXNativeTarget section */

/* Begin PBXProject section */
		9B38FD5D21509308005422ED /* Project object */ = {
			isa = PBXProject;
			attributes = {
				LastUpgradeCheck = 0940;
				ORGANIZATIONNAME = "성다연";
				TargetAttributes = {
					9B38FD6421509308005422ED = {
						CreatedOnToolsVersion = 9.4.1;
						LastSwiftMigration = 1140;
					};
				};
			};
			buildConfigurationList = 9B38FD6021509308005422ED /* Build configuration list for PBXProject "algorithm" */;
			compatibilityVersion = "Xcode 9.3";
			developmentRegion = en;
			hasScannedForEncodings = 0;
			knownRegions = (
				en,
			);
			mainGroup = 9B38FD5C21509308005422ED;
			productRefGroup = 9B38FD6621509308005422ED /* Products */;
			projectDirPath = "";
			projectRoot = "";
			targets = (
				9B38FD6421509308005422ED /* algorithm */,
			);
		};
/* End PBXProject section */

/* Begin PBXSourcesBuildPhase section */
		9B38FD6121509308005422ED /* Sources */ = {
			isa = PBXSourcesBuildPhase;
			buildActionMask = 2147483647;
			files = (
				9B30D5ED24C04EAA0030F14F /* bridge_truck.swift in Sources */,
				9B242C7C216A3A5600B9126F /* stack_queue_2L_5.cpp in Sources */,
				9BFAA7CF2207081C0000255B /* problem_1L_4.cpp in Sources */,
				9B06743A24C5A1F40058078A /* 2019_kakao_winter_intership.swift in Sources */,
				9BFAA7CE2207081C0000255B /* problem_1L_5.cpp in Sources */,
				9B7748362240A3EF005B550A /* PN_2504 valueIn().cpp in Sources */,
				9BFAA7D12207081C0000255B /* problem_1L_10.cpp in Sources */,
				9B027D42215C66F60062469E /* stack_queue_2L_1.cpp in Sources */,
				9B03CC3A215DCA7F00687B41 /* stack_queue_2L_3.cpp in Sources */,
				9B774834224099E6005B550A /* PN_10799 IronStick.cpp in Sources */,
				9BFF7B9D238111D700420CCE /* PN_1725.cpp in Sources */,
				9BFF7B9B23810CCE00420CCE /* PN_3986.cpp in Sources */,
				9BFAA7D42207081C0000255B /* problem_1L_11.cpp in Sources */,
				9BFAA7D62207081C0000255B /* problem_1L_8.cpp in Sources */,
				9B2DF7652207477F00E9DF6B /* PN_9095.cpp in Sources */,
				9BFAA7D22207081C0000255B /* problem_1L_2.cpp in Sources */,
				9B1CC222224359EF00DA5306 /* PN_2493 tower.cpp in Sources */,
				9BFAA7D02207081C0000255B /* problem_1L_6.cpp in Sources */,
				9BFAA7D72207081C0000255B /* problem_1L_9.cpp in Sources */,
				9BAC1C072451E342006E24CB /* h-index.swift in Sources */,
				9BFAA7DA22070CD20000255B /* PN_1463.cpp in Sources */,
				9BE15852216AE745006A8CE8 /* stack_queue_2L_6.cpp in Sources */,
				9BAB0FF124C2DE1A00ECB56D /* h-index.swift in Sources */,
				9BAC1C032451ABAE006E24CB /* numberOfK.swift in Sources */,
				9B2B64C924C6CCDC006BD261 /* mock_exam.swift in Sources */,
				9B4A7E0E223E6815006158F5 /* PN_1874 Stack Array.cpp in Sources */,
				9B2606042385445700A20CF3 /* PN_1935.cpp in Sources */,
				9B3EEE6F2208547E00E1CB93 /* PN_2579.cpp in Sources */,
				9B456E61227AC69400A54E30 /* PN_6549_biggestRectangle.cpp in Sources */,
				9BFAA7CD2207081C0000255B /* problem_1L_7.cpp in Sources */,
				9BFAA7D32207081C0000255B /* problem_1L_3.cpp in Sources */,
				9B03CC38215DC54A00687B41 /* stack_queue_2L_2.cpp in Sources */,
				9B54562B24C9A0C600432338 /* find_decimal.swift in Sources */,
				9BDD524324C19D5500C0870B /* number_of_K.swift in Sources */,
				9B2D75D8223A02C9006AFC41 /* PN_9012 ().cpp in Sources */,
				9BAC1C052451BD15006E24CB /* biggestNumber.swift in Sources */,
				9B9FE1DD2206FEAE0017D425 /* 달팽이.cpp in Sources */,
				9BE5054623C7186B005D6B69 /* PN_4949.cpp in Sources */,
				9BE0146E2237CC4C000CFE01 /* PN_10828 Stack.cpp in Sources */,
				9BCC065924F5407C00D6A236 /* 2020_kakao.swift in Sources */,
				9B86C4D22372C6FA00B00693 /* PN_1918.cpp in Sources */,
				9B85B4C1228D372000F7EAEE /* PN_9935 string explosion.cpp in Sources */,
				9BFAA7D52207081C0000255B /* problem_1L_1.cpp in Sources */,
				9BE5054423C712CC005D6B69 /* PN_10773.cpp in Sources */,
				9BFFA4CD2165E37400216B9D /* stack_queue_2L_4.cpp in Sources */,
			);
			runOnlyForDeploymentPostprocessing = 0;
		};
/* End PBXSourcesBuildPhase section */

/* Begin XCBuildConfiguration section */
		9B38FD6A21509308005422ED /* Debug */ = {
			isa = XCBuildConfiguration;
			buildSettings = {
				ALWAYS_SEARCH_USER_PATHS = NO;
				CLANG_ANALYZER_NONNULL = YES;
				CLANG_ANALYZER_NUMBER_OBJECT_CONVERSION = YES_AGGRESSIVE;
				CLANG_CXX_LANGUAGE_STANDARD = "gnu++14";
				CLANG_CXX_LIBRARY = "libc++";
				CLANG_ENABLE_MODULES = YES;
				CLANG_ENABLE_OBJC_ARC = YES;
				CLANG_ENABLE_OBJC_WEAK = YES;
				CLANG_WARN_BLOCK_CAPTURE_AUTORELEASING = YES;
				CLANG_WARN_BOOL_CONVERSION = YES;
				CLANG_WARN_COMMA = YES;
				CLANG_WARN_CONSTANT_CONVERSION = YES;
				CLANG_WARN_DEPRECATED_OBJC_IMPLEMENTATIONS = YES;
				CLANG_WARN_DIRECT_OBJC_ISA_USAGE = YES_ERROR;
				CLANG_WARN_DOCUMENTATION_COMMENTS = YES;
				CLANG_WARN_EMPTY_BODY = YES;
				CLANG_WARN_ENUM_CONVERSION = YES;
				CLANG_WARN_INFINITE_RECURSION = YES;
				CLANG_WARN_INT_CONVERSION = YES;
				CLANG_WARN_NON_LITERAL_NULL_CONVERSION = YES;
				CLANG_WARN_OBJC_IMPLICIT_RETAIN_SELF = YES;
				CLANG_WARN_OBJC_LITERAL_CONVERSION = YES;
				CLANG_WARN_OBJC_ROOT_CLASS = YES_ERROR;
				CLANG_WARN_RANGE_LOOP_ANALYSIS = YES;
				CLANG_WARN_STRICT_PROTOTYPES = YES;
				CLANG_WARN_SUSPICIOUS_MOVE = YES;
				CLANG_WARN_UNGUARDED_AVAILABILITY = YES_AGGRESSIVE;
				CLANG_WARN_UNREACHABLE_CODE = YES;
				CLANG_WARN__DUPLICATE_METHOD_MATCH = YES;
				CODE_SIGN_IDENTITY = "-";
				COPY_PHASE_STRIP = NO;
				DEBUG_INFORMATION_FORMAT = dwarf;
				ENABLE_STRICT_OBJC_MSGSEND = YES;
				ENABLE_TESTABILITY = YES;
				GCC_C_LANGUAGE_STANDARD = gnu11;
				GCC_DYNAMIC_NO_PIC = NO;
				GCC_NO_COMMON_BLOCKS = YES;
				GCC_OPTIMIZATION_LEVEL = 0;
				GCC_PREPROCESSOR_DEFINITIONS = (
					"DEBUG=1",
					"$(inherited)",
				);
				GCC_WARN_64_TO_32_BIT_CONVERSION = YES;
				GCC_WARN_ABOUT_RETURN_TYPE = YES_ERROR;
				GCC_WARN_UNDECLARED_SELECTOR = YES;
				GCC_WARN_UNINITIALIZED_AUTOS = YES_AGGRESSIVE;
				GCC_WARN_UNUSED_FUNCTION = YES;
				GCC_WARN_UNUSED_VARIABLE = YES;
				MACOSX_DEPLOYMENT_TARGET = 10.13;
				MTL_ENABLE_DEBUG_INFO = YES;
				ONLY_ACTIVE_ARCH = YES;
				SDKROOT = macosx;
			};
			name = Debug;
		};
		9B38FD6B21509308005422ED /* Release */ = {
			isa = XCBuildConfiguration;
			buildSettings = {
				ALWAYS_SEARCH_USER_PATHS = NO;
				CLANG_ANALYZER_NONNULL = YES;
				CLANG_ANALYZER_NUMBER_OBJECT_CONVERSION = YES_AGGRESSIVE;
				CLANG_CXX_LANGUAGE_STANDARD = "gnu++14";
				CLANG_CXX_LIBRARY = "libc++";
				CLANG_ENABLE_MODULES = YES;
				CLANG_ENABLE_OBJC_ARC = YES;
				CLANG_ENABLE_OBJC_WEAK = YES;
				CLANG_WARN_BLOCK_CAPTURE_AUTORELEASING = YES;
				CLANG_WARN_BOOL_CONVERSION = YES;
				CLANG_WARN_COMMA = YES;
				CLANG_WARN_CONSTANT_CONVERSION = YES;
				CLANG_WARN_DEPRECATED_OBJC_IMPLEMENTATIONS = YES;
				CLANG_WARN_DIRECT_OBJC_ISA_USAGE = YES_ERROR;
				CLANG_WARN_DOCUMENTATION_COMMENTS = YES;
				CLANG_WARN_EMPTY_BODY = YES;
				CLANG_WARN_ENUM_CONVERSION = YES;
				CLANG_WARN_INFINITE_RECURSION = YES;
				CLANG_WARN_INT_CONVERSION = YES;
				CLANG_WARN_NON_LITERAL_NULL_CONVERSION = YES;
				CLANG_WARN_OBJC_IMPLICIT_RETAIN_SELF = YES;
				CLANG_WARN_OBJC_LITERAL_CONVERSION = YES;
				CLANG_WARN_OBJC_ROOT_CLASS = YES_ERROR;
				CLANG_WARN_RANGE_LOOP_ANALYSIS = YES;
				CLANG_WARN_STRICT_PROTOTYPES = YES;
				CLANG_WARN_SUSPICIOUS_MOVE = YES;
				CLANG_WARN_UNGUARDED_AVAILABILITY = YES_AGGRESSIVE;
				CLANG_WARN_UNREACHABLE_CODE = YES;
				CLANG_WARN__DUPLICATE_METHOD_MATCH = YES;
				CODE_SIGN_IDENTITY = "-";
				COPY_PHASE_STRIP = NO;
				DEBUG_INFORMATION_FORMAT = "dwarf-with-dsym";
				ENABLE_NS_ASSERTIONS = NO;
				ENABLE_STRICT_OBJC_MSGSEND = YES;
				GCC_C_LANGUAGE_STANDARD = gnu11;
				GCC_NO_COMMON_BLOCKS = YES;
				GCC_WARN_64_TO_32_BIT_CONVERSION = YES;
				GCC_WARN_ABOUT_RETURN_TYPE = YES_ERROR;
				GCC_WARN_UNDECLARED_SELECTOR = YES;
				GCC_WARN_UNINITIALIZED_AUTOS = YES_AGGRESSIVE;
				GCC_WARN_UNUSED_FUNCTION = YES;
				GCC_WARN_UNUSED_VARIABLE = YES;
				MACOSX_DEPLOYMENT_TARGET = 10.13;
				MTL_ENABLE_DEBUG_INFO = NO;
				SDKROOT = macosx;
			};
			name = Release;
		};
		9B38FD6D21509308005422ED /* Debug */ = {
			isa = XCBuildConfiguration;
			buildSettings = {
				CLANG_ENABLE_MODULES = YES;
				CODE_SIGN_STYLE = Automatic;
				LD_RUNPATH_SEARCH_PATHS = (
					"$(inherited)",
					"@executable_path/../Frameworks",
					"@loader_path/../Frameworks",
				);
				PRODUCT_NAME = "$(TARGET_NAME)";
				SWIFT_OBJC_BRIDGING_HEADER = "";
				SWIFT_OPTIMIZATION_LEVEL = "-Onone";
				SWIFT_VERSION = 4.0;
			};
			name = Debug;
		};
		9B38FD6E21509308005422ED /* Release */ = {
			isa = XCBuildConfiguration;
			buildSettings = {
				CLANG_ENABLE_MODULES = YES;
				CODE_SIGN_STYLE = Automatic;
				LD_RUNPATH_SEARCH_PATHS = (
					"$(inherited)",
					"@executable_path/../Frameworks",
					"@loader_path/../Frameworks",
				);
				PRODUCT_NAME = "$(TARGET_NAME)";
				SWIFT_OBJC_BRIDGING_HEADER = "";
				SWIFT_VERSION = 4.0;
			};
			name = Release;
		};
/* End XCBuildConfiguration section */

/* Begin XCConfigurationList section */
		9B38FD6021509308005422ED /* Build configuration list for PBXProject "algorithm" */ = {
			isa = XCConfigurationList;
			buildConfigurations = (
				9B38FD6A21509308005422ED /* Debug */,
				9B38FD6B21509308005422ED /* Release */,
			);
			defaultConfigurationIsVisible = 0;
			defaultConfigurationName = Release;
		};
		9B38FD6C21509308005422ED /* Build configuration list for PBXNativeTarget "algorithm" */ = {
			isa = XCConfigurationList;
			buildConfigurations = (
				9B38FD6D21509308005422ED /* Debug */,
				9B38FD6E21509308005422ED /* Release */,
			);
			defaultConfigurationIsVisible = 0;
			defaultConfigurationName = Release;
		};
/* End XCConfigurationList section */
	};
	rootObject = 9B38FD5D21509308005422ED /* Project object */;
}
